// !$*UTF8*$!
{
	archiveVersion = 1;
	classes = {
	};
	objectVersion = 50;
	objects = {

/* Begin PBXBuildFile section */
		6DDE0342A47ECEFBC126A297 /* Pods_TabMenu_Example.framework in Frameworks */ = {isa = PBXBuildFile; fileRef = 487D3F13B0BCFE8BEA3EC613 /* Pods_TabMenu_Example.framework */; };
		D9914A1B22072A9700B9C223 /* Assets.xcassets in Resources */ = {isa = PBXBuildFile; fileRef = D9914A1A22072A9700B9C223 /* Assets.xcassets */; };
		D9914A1E22072A9700B9C223 /* LaunchScreen.storyboard in Resources */ = {isa = PBXBuildFile; fileRef = D9914A1C22072A9700B9C223 /* LaunchScreen.storyboard */; };
		D9914A3D22072D9900B9C223 /* LeftTabMenuViewController.swift in Sources */ = {isa = PBXBuildFile; fileRef = D9914A3822072D9800B9C223 /* LeftTabMenuViewController.swift */; };
		D9914A3E22072D9900B9C223 /* OtherExampleViewController.swift in Sources */ = {isa = PBXBuildFile; fileRef = D9914A3922072D9800B9C223 /* OtherExampleViewController.swift */; };
		D9914A3F22072D9900B9C223 /* PreferencesViewController.swift in Sources */ = {isa = PBXBuildFile; fileRef = D9914A3A22072D9900B9C223 /* PreferencesViewController.swift */; };
		D9914A4022072D9900B9C223 /* WorkWithOtherViewController.swift in Sources */ = {isa = PBXBuildFile; fileRef = D9914A3B22072D9900B9C223 /* WorkWithOtherViewController.swift */; };
		D9914A4122072D9900B9C223 /* AppDelegate.swift in Sources */ = {isa = PBXBuildFile; fileRef = D9914A3C22072D9900B9C223 /* AppDelegate.swift */; };
/* End PBXBuildFile section */

/* Begin PBXFileReference section */
		487D3F13B0BCFE8BEA3EC613 /* Pods_TabMenu_Example.framework */ = {isa = PBXFileReference; explicitFileType = wrapper.framework; includeInIndex = 0; path = Pods_TabMenu_Example.framework; sourceTree = BUILT_PRODUCTS_DIR; };
		5A903408BCEB5267DA149406 /* Pods-TabMenu_Example.release.xcconfig */ = {isa = PBXFileReference; includeInIndex = 1; lastKnownFileType = text.xcconfig; name = "Pods-TabMenu_Example.release.xcconfig"; path = "Pods/Target Support Files/Pods-TabMenu_Example/Pods-TabMenu_Example.release.xcconfig"; sourceTree = "<group>"; };
		C7B55A52E0C1D98FA6EC3CFF /* Pods-TabMenu_Example.debug.xcconfig */ = {isa = PBXFileReference; includeInIndex = 1; lastKnownFileType = text.xcconfig; name = "Pods-TabMenu_Example.debug.xcconfig"; path = "Pods/Target Support Files/Pods-TabMenu_Example/Pods-TabMenu_Example.debug.xcconfig"; sourceTree = "<group>"; };
		D9914A1022072A9500B9C223 /* TabMenu_Example.app */ = {isa = PBXFileReference; explicitFileType = wrapper.application; includeInIndex = 0; path = TabMenu_Example.app; sourceTree = BUILT_PRODUCTS_DIR; };
		D9914A1A22072A9700B9C223 /* Assets.xcassets */ = {isa = PBXFileReference; lastKnownFileType = folder.assetcatalog; path = Assets.xcassets; sourceTree = "<group>"; };
		D9914A1D22072A9700B9C223 /* Base */ = {isa = PBXFileReference; lastKnownFileType = file.storyboard; name = Base; path = Base.lproj/LaunchScreen.storyboard; sourceTree = "<group>"; };
		D9914A1F22072A9700B9C223 /* Info.plist */ = {isa = PBXFileReference; lastKnownFileType = text.plist.xml; path = Info.plist; sourceTree = "<group>"; };
		D9914A3822072D9800B9C223 /* LeftTabMenuViewController.swift */ = {isa = PBXFileReference; fileEncoding = 4; lastKnownFileType = sourcecode.swift; path = LeftTabMenuViewController.swift; sourceTree = "<group>"; };
		D9914A3922072D9800B9C223 /* OtherExampleViewController.swift */ = {isa = PBXFileReference; fileEncoding = 4; lastKnownFileType = sourcecode.swift; path = OtherExampleViewController.swift; sourceTree = "<group>"; };
		D9914A3A22072D9900B9C223 /* PreferencesViewController.swift */ = {isa = PBXFileReference; fileEncoding = 4; lastKnownFileType = sourcecode.swift; path = PreferencesViewController.swift; sourceTree = "<group>"; };
		D9914A3B22072D9900B9C223 /* WorkWithOtherViewController.swift */ = {isa = PBXFileReference; fileEncoding = 4; lastKnownFileType = sourcecode.swift; path = WorkWithOtherViewController.swift; sourceTree = "<group>"; };
		D9914A3C22072D9900B9C223 /* AppDelegate.swift */ = {isa = PBXFileReference; fileEncoding = 4; lastKnownFileType = sourcecode.swift; path = AppDelegate.swift; sourceTree = "<group>"; };
/* End PBXFileReference section */

/* Begin PBXFrameworksBuildPhase section */
		D9914A0D22072A9500B9C223 /* Frameworks */ = {
			isa = PBXFrameworksBuildPhase;
			buildActionMask = 2147483647;
			files = (
				6DDE0342A47ECEFBC126A297 /* Pods_TabMenu_Example.framework in Frameworks */,
			);
			runOnlyForDeploymentPostprocessing = 0;
		};
/* End PBXFrameworksBuildPhase section */

/* Begin PBXGroup section */
		16364F416826498D85C53B88 /* Frameworks */ = {
			isa = PBXGroup;
			children = (
				487D3F13B0BCFE8BEA3EC613 /* Pods_TabMenu_Example.framework */,
			);
			name = Frameworks;
			sourceTree = "<group>";
		};
		AE73474E349B274BFD048925 /* Pods */ = {
			isa = PBXGroup;
			children = (
				C7B55A52E0C1D98FA6EC3CFF /* Pods-TabMenu_Example.debug.xcconfig */,
				5A903408BCEB5267DA149406 /* Pods-TabMenu_Example.release.xcconfig */,
			);
			name = Pods;
			sourceTree = "<group>";
		};
		D9914A0722072A9500B9C223 = {
			isa = PBXGroup;
			children = (
				D9914A1222072A9500B9C223 /* TabMenu_Example */,
				D9914A1122072A9500B9C223 /* Products */,
				AE73474E349B274BFD048925 /* Pods */,
				16364F416826498D85C53B88 /* Frameworks */,
			);
			sourceTree = "<group>";
		};
		D9914A1122072A9500B9C223 /* Products */ = {
			isa = PBXGroup;
			children = (
				D9914A1022072A9500B9C223 /* TabMenu_Example.app */,
			);
			name = Products;
			sourceTree = "<group>";
		};
		D9914A1222072A9500B9C223 /* TabMenu_Example */ = {
			isa = PBXGroup;
			children = (
				D9914A3C22072D9900B9C223 /* AppDelegate.swift */,
				D9914A3822072D9800B9C223 /* LeftTabMenuViewController.swift */,
				D9914A3A22072D9900B9C223 /* PreferencesViewController.swift */,
				D9914A3B22072D9900B9C223 /* WorkWithOtherViewController.swift */,
				D9914A3922072D9800B9C223 /* OtherExampleViewController.swift */,
				D9914A1A22072A9700B9C223 /* Assets.xcassets */,
				D9914A1C22072A9700B9C223 /* LaunchScreen.storyboard */,
				D9914A1F22072A9700B9C223 /* Info.plist */,
			);
			path = TabMenu_Example;
			sourceTree = "<group>";
		};
/* End PBXGroup section */

/* Begin PBXNativeTarget section */
		D9914A0F22072A9500B9C223 /* TabMenu_Example */ = {
			isa = PBXNativeTarget;
			buildConfigurationList = D9914A2222072A9700B9C223 /* Build configuration list for PBXNativeTarget "TabMenu_Example" */;
			buildPhases = (
				98DDF515536C3BF082FDE183 /* [CP] Check Pods Manifest.lock */,
				D9914A0C22072A9500B9C223 /* Sources */,
				D9914A0D22072A9500B9C223 /* Frameworks */,
				D9914A0E22072A9500B9C223 /* Resources */,
				9650FA58EE14ECC340C8755B /* [CP] Embed Pods Frameworks */,
			);
			buildRules = (
			);
			dependencies = (
			);
			name = TabMenu_Example;
			productName = TabMenu_Example;
			productReference = D9914A1022072A9500B9C223 /* TabMenu_Example.app */;
			productType = "com.apple.product-type.application";
		};
/* End PBXNativeTarget section */

/* Begin PBXProject section */
		D9914A0822072A9500B9C223 /* Project object */ = {
			isa = PBXProject;
			attributes = {
				LastSwiftUpdateCheck = 1010;
				LastUpgradeCheck = 1010;
				ORGANIZATIONNAME = dragonetail;
				TargetAttributes = {
					D9914A0F22072A9500B9C223 = {
						CreatedOnToolsVersion = 10.1;
						LastSwiftMigration = 1010;
					};
				};
			};
			buildConfigurationList = D9914A0B22072A9500B9C223 /* Build configuration list for PBXProject "TabMenu_Example" */;
			compatibilityVersion = "Xcode 9.3";
			developmentRegion = en;
			hasScannedForEncodings = 0;
			knownRegions = (
				en,
				Base,
			);
			mainGroup = D9914A0722072A9500B9C223;
			productRefGroup = D9914A1122072A9500B9C223 /* Products */;
			projectDirPath = "";
			projectRoot = "";
			targets = (
				D9914A0F22072A9500B9C223 /* TabMenu_Example */,
			);
		};
/* End PBXProject section */

/* Begin PBXResourcesBuildPhase section */
		D9914A0E22072A9500B9C223 /* Resources */ = {
			isa = PBXResourcesBuildPhase;
			buildActionMask = 2147483647;
			files = (
				D9914A1E22072A9700B9C223 /* LaunchScreen.storyboard in Resources */,
				D9914A1B22072A9700B9C223 /* Assets.xcassets in Resources */,
			);
			runOnlyForDeploymentPostprocessing = 0;
		};
/* End PBXResourcesBuildPhase section */

/* Begin PBXShellScriptBuildPhase section */
		9650FA58EE14ECC340C8755B /* [CP] Embed Pods Frameworks */ = {
			isa = PBXShellScriptBuildPhase;
			buildActionMask = 2147483647;
			files = (
			);
			inputFileListPaths = (
			);
			inputPaths = (
				"${SRCROOT}/Pods/Target Support Files/Pods-TabMenu_Example/Pods-TabMenu_Example-frameworks.sh",
				"${BUILT_PRODUCTS_DIR}/PureLayout/PureLayout.framework",
				"${BUILT_PRODUCTS_DIR}/SwiftBaseBootstrap/SwiftBaseBootstrap.framework",
				"${BUILT_PRODUCTS_DIR}/TabMenu/TabMenu.framework",
			);
			name = "[CP] Embed Pods Frameworks";
			outputFileListPaths = (
			);
			outputPaths = (
				"${TARGET_BUILD_DIR}/${FRAMEWORKS_FOLDER_PATH}/PureLayout.framework",
				"${TARGET_BUILD_DIR}/${FRAMEWORKS_FOLDER_PATH}/SwiftBaseBootstrap.framework",
				"${TARGET_BUILD_DIR}/${FRAMEWORKS_FOLDER_PATH}/TabMenu.framework",
			);
			runOnlyForDeploymentPostprocessing = 0;
			shellPath = /bin/sh;
			shellScript = "\"${SRCROOT}/Pods/Target Support Files/Pods-TabMenu_Example/Pods-TabMenu_Example-frameworks.sh\"\n";
			showEnvVarsInLog = 0;
		};
		98DDF515536C3BF082FDE183 /* [CP] Check Pods Manifest.lock */ = {
			isa = PBXShellScriptBuildPhase;
			buildActionMask = 2147483647;
			files = (
			);
			inputFileListPaths = (
			);
			inputPaths = (
				"${PODS_PODFILE_DIR_PATH}/Podfile.lock",
				"${PODS_ROOT}/Manifest.lock",
			);
			name = "[CP] Check Pods Manifest.lock";
			outputFileListPaths = (
			);
			outputPaths = (
				"$(DERIVED_FILE_DIR)/Pods-TabMenu_Example-checkManifestLockResult.txt",
			);
			runOnlyForDeploymentPostprocessing = 0;
			shellPath = /bin/sh;
			shellScript = "diff \"${PODS_PODFILE_DIR_PATH}/Podfile.lock\" \"${PODS_ROOT}/Manifest.lock\" > /dev/null\nif [ $? != 0 ] ; then\n    # print error to STDERR\n    echo \"error: The sandbox is not in sync with the Podfile.lock. Run 'pod install' or update your CocoaPods installation.\" >&2\n    exit 1\nfi\n# This output is used by Xcode 'outputs' to avoid re-running this script phase.\necho \"SUCCESS\" > \"${SCRIPT_OUTPUT_FILE_0}\"\n";
			showEnvVarsInLog = 0;
		};
/* End PBXShellScriptBuildPhase section */

/* Begin PBXSourcesBuildPhase section */
		D9914A0C22072A9500B9C223 /* Sources */ = {
			isa = PBXSourcesBuildPhase;
			buildActionMask = 2147483647;
			files = (
				D9914A4022072D9900B9C223 /* WorkWithOtherViewController.swift in Sources */,
				D9914A3E22072D9900B9C223 /* OtherExampleViewController.swift in Sources */,
				D9914A3D22072D9900B9C223 /* LeftTabMenuViewController.swift in Sources */,
				D9914A4122072D9900B9C223 /* AppDelegate.swift in Sources */,
				D9914A3F22072D9900B9C223 /* PreferencesViewController.swift in Sources */,
			);
			runOnlyForDeploymentPostprocessing = 0;
		};
/* End PBXSourcesBuildPhase section */

/* Begin PBXVariantGroup section */
		D9914A1C22072A9700B9C223 /* LaunchScreen.storyboard */ = {
			isa = PBXVariantGroup;
			children = (
				D9914A1D22072A9700B9C223 /* Base */,
			);
			name = LaunchScreen.storyboard;
			sourceTree = "<group>";
		};
/* End PBXVariantGroup section */

/* Begin XCBuildConfiguration section */
		D9914A2022072A9700B9C223 /* Debug */ = {
			isa = XCBuildConfiguration;
			buildSettings = {
				ALWAYS_SEARCH_USER_PATHS = NO;
				CLANG_ANALYZER_NONNULL = YES;
				CLANG_ANALYZER_NUMBER_OBJECT_CONVERSION = YES_AGGRESSIVE;
				CLANG_CXX_LANGUAGE_STANDARD = "gnu++14";
				CLANG_CXX_LIBRARY = "libc++";
				CLANG_ENABLE_MODULES = YES;
				CLANG_ENABLE_OBJC_ARC = YES;
				CLANG_ENABLE_OBJC_WEAK = YES;
				CLANG_WARN_BLOCK_CAPTURE_AUTORELEASING = YES;
				CLANG_WARN_BOOL_CONVERSION = YES;
				CLANG_WARN_COMMA = YES;
				CLANG_WARN_CONSTANT_CONVERSION = YES;
				CLANG_WARN_DEPRECATED_OBJC_IMPLEMENTATIONS = YES;
				CLANG_WARN_DIRECT_OBJC_ISA_USAGE = YES_ERROR;
				CLANG_WARN_DOCUMENTATION_COMMENTS = YES;
				CLANG_WARN_EMPTY_BODY = YES;
				CLANG_WARN_ENUM_CONVERSION = YES;
				CLANG_WARN_INFINITE_RECURSION = YES;
				CLANG_WARN_INT_CONVERSION = YES;
				CLANG_WARN_NON_LITERAL_NULL_CONVERSION = YES;
				CLANG_WARN_OBJC_IMPLICIT_RETAIN_SELF = YES;
				CLANG_WARN_OBJC_LITERAL_CONVERSION = YES;
				CLANG_WARN_OBJC_ROOT_CLASS = YES_ERROR;
				CLANG_WARN_RANGE_LOOP_ANALYSIS = YES;
				CLANG_WARN_STRICT_PROTOTYPES = YES;
				CLANG_WARN_SUSPICIOUS_MOVE = YES;
				CLANG_WARN_UNGUARDED_AVAILABILITY = YES_AGGRESSIVE;
				CLANG_WARN_UNREACHABLE_CODE = YES;
				CLANG_WARN__DUPLICATE_METHOD_MATCH = YES;
				CODE_SIGN_IDENTITY = "iPhone Developer";
				COPY_PHASE_STRIP = NO;
				DEBUG_INFORMATION_FORMAT = dwarf;
				ENABLE_STRICT_OBJC_MSGSEND = YES;
				ENABLE_TESTABILITY = YES;
				GCC_C_LANGUAGE_STANDARD = gnu11;
				GCC_DYNAMIC_NO_PIC = NO;
				GCC_NO_COMMON_BLOCKS = YES;
				GCC_OPTIMIZATION_LEVEL = 0;
				GCC_PREPROCESSOR_DEFINITIONS = (
					"DEBUG=1",
					"$(inherited)",
				);
				GCC_WARN_64_TO_32_BIT_CONVERSION = YES;
				GCC_WARN_ABOUT_RETURN_TYPE = YES_ERROR;
				GCC_WARN_UNDECLARED_SELECTOR = YES;
				GCC_WARN_UNINITIALIZED_AUTOS = YES_AGGRESSIVE;
				GCC_WARN_UNUSED_FUNCTION = YES;
				GCC_WARN_UNUSED_VARIABLE = YES;
				IPHONEOS_DEPLOYMENT_TARGET = 12.1;
				MTL_ENABLE_DEBUG_INFO = INCLUDE_SOURCE;
				MTL_FAST_MATH = YES;
				ONLY_ACTIVE_ARCH = YES;
				SDKROOT = iphoneos;
				SWIFT_ACTIVE_COMPILATION_CONDITIONS = DEBUG;
				SWIFT_OPTIMIZATION_LEVEL = "-Onone";
			};
			name = Debug;
		};
		D9914A2122072A9700B9C223 /* Release */ = {
			isa = XCBuildConfiguration;
			buildSettings = {
				ALWAYS_SEARCH_USER_PATHS = NO;
				CLANG_ANALYZER_NONNULL = YES;
				CLANG_ANALYZER_NUMBER_OBJECT_CONVERSION = YES_AGGRESSIVE;
				CLANG_CXX_LANGUAGE_STANDARD = "gnu++14";
				CLANG_CXX_LIBRARY = "libc++";
				CLANG_ENABLE_MODULES = YES;
				CLANG_ENABLE_OBJC_ARC = YES;
				CLANG_ENABLE_OBJC_WEAK = YES;
				CLANG_WARN_BLOCK_CAPTURE_AUTORELEASING = YES;
				CLANG_WARN_BOOL_CONVERSION = YES;
				CLANG_WARN_COMMA = YES;
				CLANG_WARN_CONSTANT_CONVERSION = YES;
				CLANG_WARN_DEPRECATED_OBJC_IMPLEMENTATIONS = YES;
				CLANG_WARN_DIRECT_OBJC_ISA_USAGE = YES_ERROR;
				CLANG_WARN_DOCUMENTATION_COMMENTS = YES;
				CLANG_WARN_EMPTY_BODY = YES;
				CLANG_WARN_ENUM_CONVERSION = YES;
				CLANG_WARN_INFINITE_RECURSION = YES;
				CLANG_WARN_INT_CONVERSION = YES;
				CLANG_WARN_NON_LITERAL_NULL_CONVERSION = YES;
				CLANG_WARN_OBJC_IMPLICIT_RETAIN_SELF = YES;
				CLANG_WARN_OBJC_LITERAL_CONVERSION = YES;
				CLANG_WARN_OBJC_ROOT_CLASS = YES_ERROR;
				CLANG_WARN_RANGE_LOOP_ANALYSIS = YES;
				CLANG_WARN_STRICT_PROTOTYPES = YES;
				CLANG_WARN_SUSPICIOUS_MOVE = YES;
				CLANG_WARN_UNGUARDED_AVAILABILITY = YES_AGGRESSIVE;
				CLANG_WARN_UNREACHABLE_CODE = YES;
				CLANG_WARN__DUPLICATE_METHOD_MATCH = YES;
				CODE_SIGN_IDENTITY = "iPhone Developer";
				COPY_PHASE_STRIP = NO;
				DEBUG_INFORMATION_FORMAT = "dwarf-with-dsym";
				ENABLE_NS_ASSERTIONS = NO;
				ENABLE_STRICT_OBJC_MSGSEND = YES;
				GCC_C_LANGUAGE_STANDARD = gnu11;
				GCC_NO_COMMON_BLOCKS = YES;
				GCC_WARN_64_TO_32_BIT_CONVERSION = YES;
				GCC_WARN_ABOUT_RETURN_TYPE = YES_ERROR;
				GCC_WARN_UNDECLARED_SELECTOR = YES;
				GCC_WARN_UNINITIALIZED_AUTOS = YES_AGGRESSIVE;
				GCC_WARN_UNUSED_FUNCTION = YES;
				GCC_WARN_UNUSED_VARIABLE = YES;
				IPHONEOS_DEPLOYMENT_TARGET = 12.1;
				MTL_ENABLE_DEBUG_INFO = NO;
				MTL_FAST_MATH = YES;
				SDKROOT = iphoneos;
				SWIFT_COMPILATION_MODE = wholemodule;
				SWIFT_OPTIMIZATION_LEVEL = "-O";
				VALIDATE_PRODUCT = YES;
			};
			name = Release;
		};
		D9914A2322072A9700B9C223 /* Debug */ = {
			isa = XCBuildConfiguration;
			baseConfigurationReference = C7B55A52E0C1D98FA6EC3CFF /* Pods-TabMenu_Example.debug.xcconfig */;
			buildSettings = {
				ASSETCATALOG_COMPILER_APPICON_NAME = AppIcon;
				CLANG_ENABLE_MODULES = YES;
				CODE_SIGN_STYLE = Automatic;
				DEVELOPMENT_TEAM = 7G352XQC3N;
				INFOPLIST_FILE = TabMenu_Example/Info.plist;
				LD_RUNPATH_SEARCH_PATHS = (
					"$(inherited)",
					"@executable_path/Frameworks",
				);
				PRODUCT_BUNDLE_IDENTIFIER = "org.dragonetail.TabMenu-Example";
				PRODUCT_NAME = "$(TARGET_NAME)";
				SWIFT_OBJC_BRIDGING_HEADER = "";
				SWIFT_OPTIMIZATION_LEVEL = "-Onone";
				SWIFT_VERSION = 4.2;
				TARGETED_DEVICE_FAMILY = "1,2";
			};
			name = Debug;
		};
		D9914A2422072A9700B9C223 /* Release */ = {
			isa = XCBuildConfiguration;
			baseConfigurationReference = 5A903408BCEB5267DA149406 /* Pods-TabMenu_Example.release.xcconfig */;
			buildSettings = {
				ASSETCATALOG_COMPILER_APPICON_NAME = AppIcon;
				CLANG_ENABLE_MODULES = YES;
				CODE_SIGN_STYLE = Automatic;
				DEVELOPMENT_TEAM = 7G352XQC3N;
				INFOPLIST_FILE = TabMenu_Example/Info.plist;
				LD_RUNPATH_SEARCH_PATHS = (
					"$(inherited)",
					"@executable_path/Frameworks",
				);
				PRODUCT_BUNDLE_IDENTIFIER = "org.dragonetail.TabMenu-Example";
				PRODUCT_NAME = "$(TARGET_NAME)";
				SWIFT_OBJC_BRIDGING_HEADER = "";
				SWIFT_VERSION = 4.2;
				TARGETED_DEVICE_FAMILY = "1,2";
			};
			name = Release;
		};
/* End XCBuildConfiguration section */

/* Begin XCConfigurationList section */
		D9914A0B22072A9500B9C223 /* Build configuration list for PBXProject "TabMenu_Example" */ = {
			isa = XCConfigurationList;
			buildConfigurations = (
				D9914A2022072A9700B9C223 /* Debug */,
				D9914A2122072A9700B9C223 /* Release */,
			);
			defaultConfigurationIsVisible = 0;
			defaultConfigurationName = Release;
		};
		D9914A2222072A9700B9C223 /* Build configuration list for PBXNativeTarget "TabMenu_Example" */ = {
			isa = XCConfigurationList;
			buildConfigurations = (
				D9914A2322072A9700B9C223 /* Debug */,
				D9914A2422072A9700B9C223 /* Release */,
			);
			defaultConfigurationIsVisible = 0;
			defaultConfigurationName = Release;
		};
/* End XCConfigurationList section */
	};
	rootObject = D9914A0822072A9500B9C223 /* Project object */;
}
